// !$*UTF8*$!
{
	archiveVersion = 1;
	classes = {
	};
	objectVersion = 46;
	objects = {

/* Begin PBXBuildFile section */
		4C4170111CE1922A00B6C8E6 /* ComponentSystem.h in CopyFiles */ = {isa = PBXBuildFile; fileRef = 4C4170101CE1922A00B6C8E6 /* ComponentSystem.h */; };
		4C4170131CE1922A00B6C8E6 /* ComponentSystem.m in Sources */ = {isa = PBXBuildFile; fileRef = 4C4170121CE1922A00B6C8E6 /* ComponentSystem.m */; };
/* End PBXBuildFile section */

/* Begin PBXCopyFilesBuildPhase section */
		4C41700B1CE1922A00B6C8E6 /* CopyFiles */ = {
			isa = PBXCopyFilesBuildPhase;
			buildActionMask = 2147483647;
			dstPath = "include/$(PRODUCT_NAME)";
			dstSubfolderSpec = 16;
			files = (
				4C4170111CE1922A00B6C8E6 /* ComponentSystem.h in CopyFiles */,
			);
			runOnlyForDeploymentPostprocessing = 0;
		};
/* End PBXCopyFilesBuildPhase section */

/* Begin PBXFileReference section */
		4C41700D1CE1922A00B6C8E6 /* libComponentSystem.a */ = {isa = PBXFileReference; explicitFileType = archive.ar; includeInIndex = 0; path = libComponentSystem.a; sourceTree = BUILT_PRODUCTS_DIR; };
		4C4170101CE1922A00B6C8E6 /* ComponentSystem.h */ = {isa = PBXFileReference; lastKnownFileType = sourcecode.c.h; path = ComponentSystem.h; sourceTree = "<group>"; };
		4C4170121CE1922A00B6C8E6 /* ComponentSystem.m */ = {isa = PBXFileReference; lastKnownFileType = sourcecode.c.objc; path = ComponentSystem.m; sourceTree = "<group>"; };
/* End PBXFileReference section */

/* Begin PBXFrameworksBuildPhase section */
		4C41700A1CE1922A00B6C8E6 /* Frameworks */ = {
			isa = PBXFrameworksBuildPhase;
			buildActionMask = 2147483647;
			files = (
			);
			runOnlyForDeploymentPostprocessing = 0;
		};
/* End PBXFrameworksBuildPhase section */

/* Begin PBXGroup section */
		4C4170041CE1922A00B6C8E6 = {
			isa = PBXGroup;
			children = (
				4C41700F1CE1922A00B6C8E6 /* ComponentSystem */,
				4C41700E1CE1922A00B6C8E6 /* Products */,
			);
			sourceTree = "<group>";
		};
		4C41700E1CE1922A00B6C8E6 /* Products */ = {
			isa = PBXGroup;
			children = (
				4C41700D1CE1922A00B6C8E6 /* libComponentSystem.a */,
			);
			name = Products;
			sourceTree = "<group>";
		};
		4C41700F1CE1922A00B6C8E6 /* ComponentSystem */ = {
			isa = PBXGroup;
			children = (
				4C4170101CE1922A00B6C8E6 /* ComponentSystem.h */,
				4C4170121CE1922A00B6C8E6 /* ComponentSystem.m */,
			);
			path = ComponentSystem;
			sourceTree = "<group>";
		};
/* End PBXGroup section */

/* Begin PBXNativeTarget section */
		4C41700C1CE1922A00B6C8E6 /* ComponentSystem */ = {
			isa = PBXNativeTarget;
			buildConfigurationList = 4C4170161CE1922A00B6C8E6 /* Build configuration list for PBXNativeTarget "ComponentSystem" */;
			buildPhases = (
				4C4170091CE1922A00B6C8E6 /* Sources */,
				4C41700A1CE1922A00B6C8E6 /* Frameworks */,
				4C41700B1CE1922A00B6C8E6 /* CopyFiles */,
			);
			buildRules = (
			);
			dependencies = (
			);
			name = ComponentSystem;
			productName = ComponentSystem;
			productReference = 4C41700D1CE1922A00B6C8E6 /* libComponentSystem.a */;
			productType = "com.apple.product-type.library.static";
		};
/* End PBXNativeTarget section */

/* Begin PBXProject section */
		4C4170051CE1922A00B6C8E6 /* Project object */ = {
			isa = PBXProject;
			attributes = {
				LastUpgradeCheck = 0730;
				ORGANIZATIONNAME = Bert;
				TargetAttributes = {
					4C41700C1CE1922A00B6C8E6 = {
						CreatedOnToolsVersion = 7.3.1;
					};
				};
			};
			buildConfigurationList = 4C4170081CE1922A00B6C8E6 /* Build configuration list for PBXProject "ComponentSystem" */;
			compatibilityVersion = "Xcode 3.2";
			developmentRegion = English;
			hasScannedForEncodings = 0;
			knownRegions = (
				en,
			);
			mainGroup = 4C4170041CE1922A00B6C8E6;
			productRefGroup = 4C41700E1CE1922A00B6C8E6 /* Products */;
			projectDirPath = "";
			projectRoot = "";
			targets = (
				4C41700C1CE1922A00B6C8E6 /* ComponentSystem */,
			);
		};
/* End PBXProject section */

/* Begin PBXSourcesBuildPhase section */
		4C4170091CE1922A00B6C8E6 /* Sources */ = {
			isa = PBXSourcesBuildPhase;
			buildActionMask = 2147483647;
			files = (
				4C4170131CE1922A00B6C8E6 /* ComponentSystem.m in Sources */,
			);
			runOnlyForDeploymentPostprocessing = 0;
		};
/* End PBXSourcesBuildPhase section */

/* Begin XCBuildConfiguration section */
		4C4170141CE1922A00B6C8E6 /* Debug */ = {
			isa = XCBuildConfiguration;
			buildSettings = {
				ALWAYS_SEARCH_USER_PATHS = NO;
				CLANG_ANALYZER_NONNULL = YES;
				CLANG_CXX_LANGUAGE_STANDARD = "gnu++0x";
				CLANG_CXX_LIBRARY = "libc++";
				CLANG_ENABLE_MODULES = YES;
				CLANG_ENABLE_OBJC_ARC = YES;
				CLANG_WARN_BOOL_CONVERSION = YES;
				CLANG_WARN_CONSTANT_CONVERSION = YES;
				CLANG_WARN_DIRECT_OBJC_ISA_USAGE = YES_ERROR;
				CLANG_WARN_EMPTY_BODY = YES;
				CLANG_WARN_ENUM_CONVERSION = YES;
				CLANG_WARN_INT_CONVERSION = YES;
				CLANG_WARN_OBJC_ROOT_CLASS = YES_ERROR;
				CLANG_WARN_UNREACHABLE_CODE = YES;
				CLANG_WARN__DUPLICATE_METHOD_MATCH = YES;
				"CODE_SIGN_IDENTITY[sdk=iphoneos*]" = "iPhone Developer";
				COPY_PHASE_STRIP = NO;
				DEBUG_INFORMATION_FORMAT = dwarf;
				ENABLE_STRICT_OBJC_MSGSEND = YES;
				ENABLE_TESTABILITY = YES;
				GCC_C_LANGUAGE_STANDARD = gnu99;
				GCC_DYNAMIC_NO_PIC = NO;
				GCC_NO_COMMON_BLOCKS = YES;
				GCC_OPTIMIZATION_LEVEL = 0;
				GCC_PREPROCESSOR_DEFINITIONS = (
					"DEBUG=1",
					"$(inherited)",
				);
				GCC_WARN_64_TO_32_BIT_CONVERSION = YES;
				GCC_WARN_ABOUT_RETURN_TYPE = YES_ERROR;
				GCC_WARN_UNDECLARED_SELECTOR = YES;
				GCC_WARN_UNINITIALIZED_AUTOS = YES_AGGRESSIVE;
				GCC_WARN_UNUSED_FUNCTION = YES;
				GCC_WARN_UNUSED_VARIABLE = YES;
				IPHONEOS_DEPLOYMENT_TARGET = 9.3;
				MTL_ENABLE_DEBUG_INFO = YES;
				ONLY_ACTIVE_ARCH = YES;
				SDKROOT = iphoneos;
			};
			name = Debug;
		};
		4C4170151CE1922A00B6C8E6 /* Release */ = {
			isa = XCBuildConfiguration;
			buildSettings = {
				ALWAYS_SEARCH_USER_PATHS = NO;
				CLANG_ANALYZER_NONNULL = YES;
				CLANG_CXX_LANGUAGE_STANDARD = "gnu++0x";
				CLANG_CXX_LIBRARY = "libc++";
				CLANG_ENABLE_MODULES = YES;
				CLANG_ENABLE_OBJC_ARC = YES;
				CLANG_WARN_BOOL_CONVERSION = YES;
				CLANG_WARN_CONSTANT_CONVERSION = YES;
				CLANG_WARN_DIRECT_OBJC_ISA_USAGE = YES_ERROR;
				CLANG_WARN_EMPTY_BODY = YES;
				CLANG_WARN_ENUM_CONVERSION = YES;
				CLANG_WARN_INT_CONVERSION = YES;
				CLANG_WARN_OBJC_ROOT_CLASS = YES_ERROR;
				CLANG_WARN_UNREACHABLE_CODE = YES;
				CLANG_WARN__DUPLICATE_METHOD_MATCH = YES;
				"CODE_SIGN_IDENTITY[sdk=iphoneos*]" = "iPhone Developer";
				COPY_PHASE_STRIP = NO;
				DEBUG_INFORMATION_FORMAT = "dwarf-with-dsym";
				ENABLE_NS_ASSERTIONS = NO;
				ENABLE_STRICT_OBJC_MSGSEND = YES;
				GCC_C_LANGUAGE_STANDARD = gnu99;
				GCC_NO_COMMON_BLOCKS = YES;
				GCC_WARN_64_TO_32_BIT_CONVERSION = YES;
				GCC_WARN_ABOUT_RETURN_TYPE = YES_ERROR;
				GCC_WARN_UNDECLARED_SELECTOR = YES;
				GCC_WARN_UNINITIALIZED_AUTOS = YES_AGGRESSIVE;
				GCC_WARN_UNUSED_FUNCTION = YES;
				GCC_WARN_UNUSED_VARIABLE = YES;
				IPHONEOS_DEPLOYMENT_TARGET = 9.3;
				MTL_ENABLE_DEBUG_INFO = NO;
				SDKROOT = iphoneos;
				VALIDATE_PRODUCT = YES;
			};
			name = Release;
		};
		4C4170171CE1922A00B6C8E6 /* Debug */ = {
			isa = XCBuildConfiguration;
			buildSettings = {
				OTHER_LDFLAGS = "-ObjC";
				PRODUCT_NAME = "$(TARGET_NAME)";
				SKIP_INSTALL = YES;
			};
			name = Debug;
		};
		4C4170181CE1922A00B6C8E6 /* Release */ = {
			isa = XCBuildConfiguration;
			buildSettings = {
				OTHER_LDFLAGS = "-ObjC";
				PRODUCT_NAME = "$(TARGET_NAME)";
				SKIP_INSTALL = YES;
			};
			name = Release;
		};
/* End XCBuildConfiguration section */

/* Begin XCConfigurationList section */
		4C4170081CE1922A00B6C8E6 /* Build configuration list for PBXProject "ComponentSystem" */ = {
			isa = XCConfigurationList;
			buildConfigurations = (
				4C4170141CE1922A00B6C8E6 /* Debug */,
				4C4170151CE1922A00B6C8E6 /* Release */,
			);
			defaultConfigurationIsVisible = 0;
			defaultConfigurationName = Release;
		};
		4C4170161CE1922A00B6C8E6 /* Build configuration list for PBXNativeTarget "ComponentSystem" */ = {
			isa = XCConfigurationList;
			buildConfigurations = (
				4C4170171CE1922A00B6C8E6 /* Debug */,
				4C4170181CE1922A00B6C8E6 /* Release */,
			);
			defaultConfigurationIsVisible = 0;
		};
/* End XCConfigurationList section */
	};
	rootObject = 4C4170051CE1922A00B6C8E6 /* Project object */;
}
